
Microsoft Visual Studio Solution File, Format Version 12.00
# Visual Studio Version 17
VisualStudioVersion = 17.14.36511.14 d17.14
MinimumVisualStudioVersion = 10.0.40219.1
Project("{FAE04EC0-301F-11D3-BF4B-00C04F79EFBC}") = "BlazorProj-CA3-Tests", "BlazorProj-CA3-Tests.csproj", "{94B8ABED-241A-E3A6-C78C-C3C36CF04FF4}"
EndProject
Global
	GlobalSection(SolutionConfigurationPlatforms) = preSolution
		Debug|Any CPU = Debug|Any CPU
		Release|Any CPU = Release|Any CPU
	EndGlobalSection
	GlobalSection(ProjectConfigurationPlatforms) = postSolution
		{94B8ABED-241A-E3A6-C78C-C3C36CF04FF4}.Debug|Any CPU.ActiveCfg = Debug|Any CPU
		{94B8ABED-241A-E3A6-C78C-C3C36CF04FF4}.Debug|Any CPU.Build.0 = Debug|Any CPU
		{94B8ABED-241A-E3A6-C78C-C3C36CF04FF4}.Release|Any CPU.ActiveCfg = Release|Any CPU
		{94B8ABED-241A-E3A6-C78C-C3C36CF04FF4}.Release|Any CPU.Build.0 = Release|Any CPU
	EndGlobalSection
	GlobalSection(SolutionProperties) = preSolution
		HideSolutionNode = FALSE
	EndGlobalSection
	GlobalSection(ExtensibilityGlobals) = postSolution
		SolutionGuid = {0474C37C-7C9C-4B56-8F82-ED381F1500A4}
	EndGlobalSection
EndGlobal
